// !$*UTF8*$!
{
	archiveVersion = 1;
	classes = {
	};
	objectVersion = 50;
	objects = {

/* Begin PBXBuildFile section */
		A7D4ACF0229FA1A300949ADB /* AppDelegate.swift in Sources */ = {isa = PBXBuildFile; fileRef = A7D4ACEF229FA1A300949ADB /* AppDelegate.swift */; };
		A7D4ACF2229FA1A300949ADB /* NewsListVC.swift in Sources */ = {isa = PBXBuildFile; fileRef = A7D4ACF1229FA1A300949ADB /* NewsListVC.swift */; };
		A7D4ACF5229FA1A300949ADB /* Main.storyboard in Resources */ = {isa = PBXBuildFile; fileRef = A7D4ACF3229FA1A300949ADB /* Main.storyboard */; };
		A7D4ACFA229FA1A300949ADB /* Assets.xcassets in Resources */ = {isa = PBXBuildFile; fileRef = A7D4ACF9229FA1A300949ADB /* Assets.xcassets */; };
		A7D4ACFD229FA1A300949ADB /* LaunchScreen.storyboard in Resources */ = {isa = PBXBuildFile; fileRef = A7D4ACFB229FA1A300949ADB /* LaunchScreen.storyboard */; };
		A7D4AD07229FA65C00949ADB /* NewsDetailVC.swift in Sources */ = {isa = PBXBuildFile; fileRef = A7D4AD06229FA65C00949ADB /* NewsDetailVC.swift */; };
		A7D4AD09229FAEFC00949ADB /* NewsCell.swift in Sources */ = {isa = PBXBuildFile; fileRef = A7D4AD08229FAEFC00949ADB /* NewsCell.swift */; };
		A7F67F9322A10AEA00ABAC77 /* News.swift in Sources */ = {isa = PBXBuildFile; fileRef = A7F67F9222A10AEA00ABAC77 /* News.swift */; };
/* End PBXBuildFile section */

/* Begin PBXFileReference section */
		A7D4ACEC229FA1A300949ADB /* newsApp.app */ = {isa = PBXFileReference; explicitFileType = wrapper.application; includeInIndex = 0; path = newsApp.app; sourceTree = BUILT_PRODUCTS_DIR; };
		A7D4ACEF229FA1A300949ADB /* AppDelegate.swift */ = {isa = PBXFileReference; lastKnownFileType = sourcecode.swift; path = AppDelegate.swift; sourceTree = "<group>"; };
		A7D4ACF1229FA1A300949ADB /* NewsListVC.swift */ = {isa = PBXFileReference; lastKnownFileType = sourcecode.swift; path = NewsListVC.swift; sourceTree = "<group>"; };
		A7D4ACF4229FA1A300949ADB /* Base */ = {isa = PBXFileReference; lastKnownFileType = file.storyboard; name = Base; path = Base.lproj/Main.storyboard; sourceTree = "<group>"; };
		A7D4ACF9229FA1A300949ADB /* Assets.xcassets */ = {isa = PBXFileReference; lastKnownFileType = folder.assetcatalog; path = Assets.xcassets; sourceTree = "<group>"; };
		A7D4ACFC229FA1A300949ADB /* Base */ = {isa = PBXFileReference; lastKnownFileType = file.storyboard; name = Base; path = Base.lproj/LaunchScreen.storyboard; sourceTree = "<group>"; };
		A7D4ACFE229FA1A300949ADB /* Info.plist */ = {isa = PBXFileReference; lastKnownFileType = text.plist.xml; path = Info.plist; sourceTree = "<group>"; };
		A7D4AD06229FA65C00949ADB /* NewsDetailVC.swift */ = {isa = PBXFileReference; lastKnownFileType = sourcecode.swift; path = NewsDetailVC.swift; sourceTree = "<group>"; };
		A7D4AD08229FAEFC00949ADB /* NewsCell.swift */ = {isa = PBXFileReference; lastKnownFileType = sourcecode.swift; path = NewsCell.swift; sourceTree = "<group>"; };
		A7F67F9222A10AEA00ABAC77 /* News.swift */ = {isa = PBXFileReference; lastKnownFileType = sourcecode.swift; path = News.swift; sourceTree = "<group>"; };
/* End PBXFileReference section */

/* Begin PBXFrameworksBuildPhase section */
		A7D4ACE9229FA1A300949ADB /* Frameworks */ = {
			isa = PBXFrameworksBuildPhase;
			buildActionMask = 2147483647;
			files = (
			);
			runOnlyForDeploymentPostprocessing = 0;
		};
/* End PBXFrameworksBuildPhase section */

/* Begin PBXGroup section */
		A7D4ACE3229FA1A300949ADB = {
			isa = PBXGroup;
			children = (
				A7D4ACEE229FA1A300949ADB /* newsApp */,
				A7D4ACED229FA1A300949ADB /* Products */,
			);
			sourceTree = "<group>";
		};
		A7D4ACED229FA1A300949ADB /* Products */ = {
			isa = PBXGroup;
			children = (
				A7D4ACEC229FA1A300949ADB /* newsApp.app */,
			);
			name = Products;
			sourceTree = "<group>";
		};
		A7D4ACEE229FA1A300949ADB /* newsApp */ = {
			isa = PBXGroup;
			children = (
				A7F67F9122A10ADE00ABAC77 /* Model */,
				A7D4AD05229FA62700949ADB /* View */,
				A7D4AD04229FA60000949ADB /* Controller */,
				A7D4ACEF229FA1A300949ADB /* AppDelegate.swift */,
				A7D4ACF3229FA1A300949ADB /* Main.storyboard */,
				A7D4ACF9229FA1A300949ADB /* Assets.xcassets */,
				A7D4ACFB229FA1A300949ADB /* LaunchScreen.storyboard */,
				A7D4ACFE229FA1A300949ADB /* Info.plist */,
			);
			path = newsApp;
			sourceTree = "<group>";
		};
		A7D4AD04229FA60000949ADB /* Controller */ = {
			isa = PBXGroup;
			children = (
				A7D4ACF1229FA1A300949ADB /* NewsListVC.swift */,
				A7D4AD06229FA65C00949ADB /* NewsDetailVC.swift */,
			);
			path = Controller;
			sourceTree = "<group>";
		};
		A7D4AD05229FA62700949ADB /* View */ = {
			isa = PBXGroup;
			children = (
				A7D4AD08229FAEFC00949ADB /* NewsCell.swift */,
			);
			path = View;
			sourceTree = "<group>";
		};
		A7F67F9122A10ADE00ABAC77 /* Model */ = {
			isa = PBXGroup;
			children = (
				A7F67F9222A10AEA00ABAC77 /* News.swift */,
			);
			path = Model;
			sourceTree = "<group>";
		};
/* End PBXGroup section */

/* Begin PBXNativeTarget section */
		A7D4ACEB229FA1A300949ADB /* newsApp */ = {
			isa = PBXNativeTarget;
			buildConfigurationList = A7D4AD01229FA1A300949ADB /* Build configuration list for PBXNativeTarget "newsApp" */;
			buildPhases = (
				A7D4ACE8229FA1A300949ADB /* Sources */,
				A7D4ACE9229FA1A300949ADB /* Frameworks */,
				A7D4ACEA229FA1A300949ADB /* Resources */,
			);
			buildRules = (
			);
			dependencies = (
			);
			name = newsApp;
			productName = newsApp;
			productReference = A7D4ACEC229FA1A300949ADB /* newsApp.app */;
			productType = "com.apple.product-type.application";
		};
/* End PBXNativeTarget section */

/* Begin PBXProject section */
		A7D4ACE4229FA1A300949ADB /* Project object */ = {
			isa = PBXProject;
			attributes = {
				LastSwiftUpdateCheck = 1020;
				LastUpgradeCheck = 1020;
				ORGANIZATIONNAME = "Stephenson Ang";
				TargetAttributes = {
					A7D4ACEB229FA1A300949ADB = {
						CreatedOnToolsVersion = 10.2.1;
					};
				};
			};
			buildConfigurationList = A7D4ACE7229FA1A300949ADB /* Build configuration list for PBXProject "newsApp" */;
			compatibilityVersion = "Xcode 9.3";
			developmentRegion = en;
			hasScannedForEncodings = 0;
			knownRegions = (
				en,
				Base,
			);
			mainGroup = A7D4ACE3229FA1A300949ADB;
			productRefGroup = A7D4ACED229FA1A300949ADB /* Products */;
			projectDirPath = "";
			projectRoot = "";
			targets = (
				A7D4ACEB229FA1A300949ADB /* newsApp */,
			);
		};
/* End PBXProject section */

/* Begin PBXResourcesBuildPhase section */
		A7D4ACEA229FA1A300949ADB /* Resources */ = {
			isa = PBXResourcesBuildPhase;
			buildActionMask = 2147483647;
			files = (
				A7D4ACFD229FA1A300949ADB /* LaunchScreen.storyboard in Resources */,
				A7D4ACFA229FA1A300949ADB /* Assets.xcassets in Resources */,
				A7D4ACF5229FA1A300949ADB /* Main.storyboard in Resources */,
			);
			runOnlyForDeploymentPostprocessing = 0;
		};
/* End PBXResourcesBuildPhase section */

/* Begin PBXSourcesBuildPhase section */
		A7D4ACE8229FA1A300949ADB /* Sources */ = {
			isa = PBXSourcesBuildPhase;
			buildActionMask = 2147483647;
			files = (
				A7D4ACF2229FA1A300949ADB /* NewsListVC.swift in Sources */,
				A7D4AD07229FA65C00949ADB /* NewsDetailVC.swift in Sources */,
				A7D4ACF0229FA1A300949ADB /* AppDelegate.swift in Sources */,
				A7F67F9322A10AEA00ABAC77 /* News.swift in Sources */,
				A7D4AD09229FAEFC00949ADB /* NewsCell.swift in Sources */,
			);
			runOnlyForDeploymentPostprocessing = 0;
		};
/* End PBXSourcesBuildPhase section */

/* Begin PBXVariantGroup section */
		A7D4ACF3229FA1A300949ADB /* Main.storyboard */ = {
			isa = PBXVariantGroup;
			children = (
				A7D4ACF4229FA1A300949ADB /* Base */,
			);
			name = Main.storyboard;
			sourceTree = "<group>";
		};
		A7D4ACFB229FA1A300949ADB /* LaunchScreen.storyboard */ = {
			isa = PBXVariantGroup;
			children = (
				A7D4ACFC229FA1A300949ADB /* Base */,
			);
			name = LaunchScreen.storyboard;
			sourceTree = "<group>";
		};
/* End PBXVariantGroup section */

/* Begin XCBuildConfiguration section */
		A7D4ACFF229FA1A300949ADB /* Debug */ = {
			isa = XCBuildConfiguration;
			buildSettings = {
				ALWAYS_SEARCH_USER_PATHS = NO;
				CLANG_ANALYZER_NONNULL = YES;
				CLANG_ANALYZER_NUMBER_OBJECT_CONVERSION = YES_AGGRESSIVE;
				CLANG_CXX_LANGUAGE_STANDARD = "gnu++14";
				CLANG_CXX_LIBRARY = "libc++";
				CLANG_ENABLE_MODULES = YES;
				CLANG_ENABLE_OBJC_ARC = YES;
				CLANG_ENABLE_OBJC_WEAK = YES;
				CLANG_WARN_BLOCK_CAPTURE_AUTORELEASING = YES;
				CLANG_WARN_BOOL_CONVERSION = YES;
				CLANG_WARN_COMMA = YES;
				CLANG_WARN_CONSTANT_CONVERSION = YES;
				CLANG_WARN_DEPRECATED_OBJC_IMPLEMENTATIONS = YES;
				CLANG_WARN_DIRECT_OBJC_ISA_USAGE = YES_ERROR;
				CLANG_WARN_DOCUMENTATION_COMMENTS = YES;
				CLANG_WARN_EMPTY_BODY = YES;
				CLANG_WARN_ENUM_CONVERSION = YES;
				CLANG_WARN_INFINITE_RECURSION = YES;
				CLANG_WARN_INT_CONVERSION = YES;
				CLANG_WARN_NON_LITERAL_NULL_CONVERSION = YES;
				CLANG_WARN_OBJC_IMPLICIT_RETAIN_SELF = YES;
				CLANG_WARN_OBJC_LITERAL_CONVERSION = YES;
				CLANG_WARN_OBJC_ROOT_CLASS = YES_ERROR;
				CLANG_WARN_RANGE_LOOP_ANALYSIS = YES;
				CLANG_WARN_STRICT_PROTOTYPES = YES;
				CLANG_WARN_SUSPICIOUS_MOVE = YES;
				CLANG_WARN_UNGUARDED_AVAILABILITY = YES_AGGRESSIVE;
				CLANG_WARN_UNREACHABLE_CODE = YES;
				CLANG_WARN__DUPLICATE_METHOD_MATCH = YES;
				CODE_SIGN_IDENTITY = "iPhone Developer";
				COPY_PHASE_STRIP = NO;
				DEBUG_INFORMATION_FORMAT = dwarf;
				ENABLE_STRICT_OBJC_MSGSEND = YES;
				ENABLE_TESTABILITY = YES;
				GCC_C_LANGUAGE_STANDARD = gnu11;
				GCC_DYNAMIC_NO_PIC = NO;
				GCC_NO_COMMON_BLOCKS = YES;
				GCC_OPTIMIZATION_LEVEL = 0;
				GCC_PREPROCESSOR_DEFINITIONS = (
					"DEBUG=1",
					"$(inherited)",
				);
				GCC_WARN_64_TO_32_BIT_CONVERSION = YES;
				GCC_WARN_ABOUT_RETURN_TYPE = YES_ERROR;
				GCC_WARN_UNDECLARED_SELECTOR = YES;
				GCC_WARN_UNINITIALIZED_AUTOS = YES_AGGRESSIVE;
				GCC_WARN_UNUSED_FUNCTION = YES;
				GCC_WARN_UNUSED_VARIABLE = YES;
				IPHONEOS_DEPLOYMENT_TARGET = 12.2;
				MTL_ENABLE_DEBUG_INFO = INCLUDE_SOURCE;
				MTL_FAST_MATH = YES;
				ONLY_ACTIVE_ARCH = YES;
				SDKROOT = iphoneos;
				SWIFT_ACTIVE_COMPILATION_CONDITIONS = DEBUG;
				SWIFT_OPTIMIZATION_LEVEL = "-Onone";
			};
			name = Debug;
		};
		A7D4AD00229FA1A300949ADB /* Release */ = {
			isa = XCBuildConfiguration;
			buildSettings = {
				ALWAYS_SEARCH_USER_PATHS = NO;
				CLANG_ANALYZER_NONNULL = YES;
				CLANG_ANALYZER_NUMBER_OBJECT_CONVERSION = YES_AGGRESSIVE;
				CLANG_CXX_LANGUAGE_STANDARD = "gnu++14";
				CLANG_CXX_LIBRARY = "libc++";
				CLANG_ENABLE_MODULES = YES;
				CLANG_ENABLE_OBJC_ARC = YES;
				CLANG_ENABLE_OBJC_WEAK = YES;
				CLANG_WARN_BLOCK_CAPTURE_AUTORELEASING = YES;
				CLANG_WARN_BOOL_CONVERSION = YES;
				CLANG_WARN_COMMA = YES;
				CLANG_WARN_CONSTANT_CONVERSION = YES;
				CLANG_WARN_DEPRECATED_OBJC_IMPLEMENTATIONS = YES;
				CLANG_WARN_DIRECT_OBJC_ISA_USAGE = YES_ERROR;
				CLANG_WARN_DOCUMENTATION_COMMENTS = YES;
				CLANG_WARN_EMPTY_BODY = YES;
				CLANG_WARN_ENUM_CONVERSION = YES;
				CLANG_WARN_INFINITE_RECURSION = YES;
				CLANG_WARN_INT_CONVERSION = YES;
				CLANG_WARN_NON_LITERAL_NULL_CONVERSION = YES;
				CLANG_WARN_OBJC_IMPLICIT_RETAIN_SELF = YES;
				CLANG_WARN_OBJC_LITERAL_CONVERSION = YES;
				CLANG_WARN_OBJC_ROOT_CLASS = YES_ERROR;
				CLANG_WARN_RANGE_LOOP_ANALYSIS = YES;
				CLANG_WARN_STRICT_PROTOTYPES = YES;
				CLANG_WARN_SUSPICIOUS_MOVE = YES;
				CLANG_WARN_UNGUARDED_AVAILABILITY = YES_AGGRESSIVE;
				CLANG_WARN_UNREACHABLE_CODE = YES;
				CLANG_WARN__DUPLICATE_METHOD_MATCH = YES;
				CODE_SIGN_IDENTITY = "iPhone Developer";
				COPY_PHASE_STRIP = NO;
				DEBUG_INFORMATION_FORMAT = "dwarf-with-dsym";
				ENABLE_NS_ASSERTIONS = NO;
				ENABLE_STRICT_OBJC_MSGSEND = YES;
				GCC_C_LANGUAGE_STANDARD = gnu11;
				GCC_NO_COMMON_BLOCKS = YES;
				GCC_WARN_64_TO_32_BIT_CONVERSION = YES;
				GCC_WARN_ABOUT_RETURN_TYPE = YES_ERROR;
				GCC_WARN_UNDECLARED_SELECTOR = YES;
				GCC_WARN_UNINITIALIZED_AUTOS = YES_AGGRESSIVE;
				GCC_WARN_UNUSED_FUNCTION = YES;
				GCC_WARN_UNUSED_VARIABLE = YES;
				IPHONEOS_DEPLOYMENT_TARGET = 12.2;
				MTL_ENABLE_DEBUG_INFO = NO;
				MTL_FAST_MATH = YES;
				SDKROOT = iphoneos;
				SWIFT_COMPILATION_MODE = wholemodule;
				SWIFT_OPTIMIZATION_LEVEL = "-O";
				VALIDATE_PRODUCT = YES;
			};
			name = Release;
		};
		A7D4AD02229FA1A300949ADB /* Debug */ = {
			isa = XCBuildConfiguration;
			buildSettings = {
				ASSETCATALOG_COMPILER_APPICON_NAME = AppIcon;
				CODE_SIGN_STYLE = Automatic;
				DEVELOPMENT_TEAM = FZZ4V5CW2H;
				INFOPLIST_FILE = newsApp/Info.plist;
				LD_RUNPATH_SEARCH_PATHS = (
					"$(inherited)",
					"@executable_path/Frameworks",
				);
				PRODUCT_BUNDLE_IDENTIFIER = com.stephensonang.newsApp;
				PRODUCT_NAME = "$(TARGET_NAME)";
				SWIFT_VERSION = 5.0;
				TARGETED_DEVICE_FAMILY = "1,2";
			};
			name = Debug;
		};
		A7D4AD03229FA1A300949ADB /* Release */ = {
			isa = XCBuildConfiguration;
			buildSettings = {
				ASSETCATALOG_COMPILER_APPICON_NAME = AppIcon;
				CODE_SIGN_STYLE = Automatic;
				DEVELOPMENT_TEAM = FZZ4V5CW2H;
				INFOPLIST_FILE = newsApp/Info.plist;
				LD_RUNPATH_SEARCH_PATHS = (
					"$(inherited)",
					"@executable_path/Frameworks",
				);
				PRODUCT_BUNDLE_IDENTIFIER = com.stephensonang.newsApp;
				PRODUCT_NAME = "$(TARGET_NAME)";
				SWIFT_VERSION = 5.0;
				TARGETED_DEVICE_FAMILY = "1,2";
			};
			name = Release;
		};
/* End XCBuildConfiguration section */

/* Begin XCConfigurationList section */
		A7D4ACE7229FA1A300949ADB /* Build configuration list for PBXProject "newsApp" */ = {
			isa = XCConfigurationList;
			buildConfigurations = (
				A7D4ACFF229FA1A300949ADB /* Debug */,
				A7D4AD00229FA1A300949ADB /* Release */,
			);
			defaultConfigurationIsVisible = 0;
			defaultConfigurationName = Release;
		};
		A7D4AD01229FA1A300949ADB /* Build configuration list for PBXNativeTarget "newsApp" */ = {
			isa = XCConfigurationList;
			buildConfigurations = (
				A7D4AD02229FA1A300949ADB /* Debug */,
				A7D4AD03229FA1A300949ADB /* Release */,
			);
			defaultConfigurationIsVisible = 0;
			defaultConfigurationName = Release;
		};
/* End XCConfigurationList section */
	};
	rootObject = A7D4ACE4229FA1A300949ADB /* Project object */;
}
